lockfileVersion: '6.0'

settings:
  autoInstallPeers: true
  excludeLinksFromLockfile: false

devDependencies:
  '@iconify/json':
    specifier: ^2.2.115
    version: 2.2.118

packages:

  /@iconify/json@2.2.118:
    resolution: {integrity: sha512-nQvWSyimrU3fXtK0aDc6LkTc85H29jid1x3synkrscTpS8R0CkNe0qPh5ko2+SGrQKcyiaw7yKnEHp9Ar6HrgA==}
    dependencies:
      '@iconify/types': 2.0.0
      pathe: 1.1.1
    dev: true

  /@iconify/types@2.0.0:
    resolution: {integrity: sha512-+wluvCrRhXrhyOmRDJ3q8mux9JkKy5SJ/v8ol2tu4FVjyYvtEzkc/3pK15ET6RKg4b4w4BmTk1+gsCUhf21Ykg==}
    dev: true

  /pathe@1.1.1:
    resolution: {integrity: sha512-d+RQGp0MAYTIaDBIMmOfMwz3E+LOZnxx1HZd5R18mmCZY0QBlK0LDZfPc8FW8Ed2DlvsuE6PRjroDY+wg4+j/Q==}
    dev: true
