lockfileVersion: '6.0'

settings:
  autoInstallPeers: true
  excludeLinksFromLockfile: false

dependencies:
  valibot:
    specifier: ^0.18.0
    version: 0.18.0

devDependencies:
  '@iconify/json':
    specifier: ^2.2.124
    version: 2.2.124

packages:

  /@iconify/json@2.2.124:
    resolution: {integrity: sha512-5Jus7MwFnatCZJq0aN7pJKqkE6FUQJLo+8nTrBZ3c+9UxzjUKiaoMfBvzk8pcbfutC1fMDy5JE/1fi+iZ6xlWw==}
    dependencies:
      '@iconify/types': 2.0.0
      pathe: 1.1.1
    dev: true

  /@iconify/types@2.0.0:
    resolution: {integrity: sha512-+wluvCrRhXrhyOmRDJ3q8mux9JkKy5SJ/v8ol2tu4FVjyYvtEzkc/3pK15ET6RKg4b4w4BmTk1+gsCUhf21Ykg==}
    dev: true

  /pathe@1.1.1:
    resolution: {integrity: sha512-d+RQGp0MAYTIaDBIMmOfMwz3E+LOZnxx1HZd5R18mmCZY0QBlK0LDZfPc8FW8Ed2DlvsuE6PRjroDY+wg4+j/Q==}
    dev: true

  /valibot@0.18.0:
    resolution: {integrity: sha512-JpJ1ITTIAA4kuLDX5ygnjuMdeHryNI4cqx3vWQFisytTzH3/RBcTYJO336RSd/gRRRrYhIWf2RuST76p4TbdBw==}
    dev: false
